
Microsoft Visual Studio Solution File, Format Version 12.00
# Visual Studio Version 16
VisualStudioVersion = 16.0.32002.261
MinimumVisualStudioVersion = 10.0.40219.1
Project("{FAE04EC0-301F-11D3-BF4B-00C04F79EFBC}") = "Insurance_management_System", "Insurance_management_System.csproj", "{B98564B1-BF2C-49CF-A06A-B3BE0531DBCB}"
EndProject
Global
	GlobalSection(SolutionConfigurationPlatforms) = preSolution
		Debug|Any CPU = Debug|Any CPU
		Release|Any CPU = Release|Any CPU
	EndGlobalSection
	GlobalSection(ProjectConfigurationPlatforms) = postSolution
		{B98564B1-BF2C-49CF-A06A-B3BE0531DBCB}.Debug|Any CPU.ActiveCfg = Debug|Any CPU
		{B98564B1-BF2C-49CF-A06A-B3BE0531DBCB}.Debug|Any CPU.Build.0 = Debug|Any CPU
		{B98564B1-BF2C-49CF-A06A-B3BE0531DBCB}.Release|Any CPU.ActiveCfg = Release|Any CPU
		{B98564B1-BF2C-49CF-A06A-B3BE0531DBCB}.Release|Any CPU.Build.0 = Release|Any CPU
	EndGlobalSection
	GlobalSection(SolutionProperties) = preSolution
		HideSolutionNode = FALSE
	EndGlobalSection
	GlobalSection(ExtensibilityGlobals) = postSolution
		SolutionGuid = {E0FDEA24-E840-4B38-A63B-133A410DB013}
	EndGlobalSection
EndGlobal
